
Microsoft Visual Studio Solution File, Format Version 12.00
# Visual Studio Version 17
VisualStudioVersion = 17.13.35825.156 d17.13
MinimumVisualStudioVersion = 10.0.40219.1
Project("{FAE04EC0-301F-11D3-BF4B-00C04F79EFBC}") = "LeaveManagmentSystem.web", "LeaveManagmentSystem.web\LeaveManagmentSystem.web.csproj", "{4DB6A9BF-4938-441A-B1AC-963439D68109}"
EndProject
Global
	GlobalSection(SolutionConfigurationPlatforms) = preSolution
		Debug|Any CPU = Debug|Any CPU
		Release|Any CPU = Release|Any CPU
	EndGlobalSection
	GlobalSection(ProjectConfigurationPlatforms) = postSolution
		{4DB6A9BF-4938-441A-B1AC-963439D68109}.Debug|Any CPU.ActiveCfg = Debug|Any CPU
		{4DB6A9BF-4938-441A-B1AC-963439D68109}.Debug|Any CPU.Build.0 = Debug|Any CPU
		{4DB6A9BF-4938-441A-B1AC-963439D68109}.Release|Any CPU.ActiveCfg = Release|Any CPU
		{4DB6A9BF-4938-441A-B1AC-963439D68109}.Release|Any CPU.Build.0 = Release|Any CPU
	EndGlobalSection
	GlobalSection(SolutionProperties) = preSolution
		HideSolutionNode = FALSE
	EndGlobalSection
	GlobalSection(ExtensibilityGlobals) = postSolution
		SolutionGuid = {EFA8DEF5-4AC8-431B-812C-9D8000F0F6BC}
	EndGlobalSection
EndGlobal
